
Microsoft Visual Studio Solution File, Format Version 12.00
# Visual Studio Version 17
VisualStudioVersion = 17.14.36221.1
MinimumVisualStudioVersion = 10.0.40219.1
Project("{8BC9CEB8-8B4A-11D0-8D11-00A0C91BC942}") = "SexyAppFramework", "SexyAppFramework\SexyAppFramework.vcxproj", "{A9A195E1-BE67-437F-B8BC-41586FB1CD3D}"
	ProjectSection(ProjectDependencies) = postProject
		{6E191D33-5DA8-4970-9416-A85183D3CC68} = {6E191D33-5DA8-4970-9416-A85183D3CC68}
		{C4CC5AE5-812F-4AB3-B3A7-34BD83EC2552} = {C4CC5AE5-812F-4AB3-B3A7-34BD83EC2552}
		{E4750030-EA9D-496E-BA4B-27EEC8836773} = {E4750030-EA9D-496E-BA4B-27EEC8836773}
		{F89C6B8B-72ED-4031-88F2-65CC51E9BD90} = {F89C6B8B-72ED-4031-88F2-65CC51E9BD90}
	EndProjectSection
EndProject
Project("{2150E333-8FDC-42A3-9474-1A3956D46DE8}") = "ThirdParty", "ThirdParty", "{356D9C46-07F5-7F13-4EEF-5DD22B885BE8}"
EndProject
Project("{8BC9CEB8-8B4A-11D0-8D11-00A0C91BC942}") = "jpeg", "ThirdParty\jpeg\jpeg.vcxproj", "{6E191D33-5DA8-4970-9416-A85183D3CC68}"
EndProject
Project("{8BC9CEB8-8B4A-11D0-8D11-00A0C91BC942}") = "png", "ThirdParty\png\png.vcxproj", "{C4CC5AE5-812F-4AB3-B3A7-34BD83EC2552}"
	ProjectSection(ProjectDependencies) = postProject
		{F89C6B8B-72ED-4031-88F2-65CC51E9BD90} = {F89C6B8B-72ED-4031-88F2-65CC51E9BD90}
	EndProjectSection
EndProject
Project("{8BC9CEB8-8B4A-11D0-8D11-00A0C91BC942}") = "ogg", "ThirdParty\ogg\ogg.vcxproj", "{E4750030-EA9D-496E-BA4B-27EEC8836773}"
EndProject
Project("{8BC9CEB8-8B4A-11D0-8D11-00A0C91BC942}") = "zlib", "ThirdParty\zlib\zlib.vcxproj", "{F89C6B8B-72ED-4031-88F2-65CC51E9BD90}"
EndProject
Global
	GlobalSection(SolutionConfigurationPlatforms) = preSolution
		Debug|x64 = Debug|x64
		Debug|x86 = Debug|x86
		Release|x64 = Release|x64
		Release|x86 = Release|x86
	EndGlobalSection
	GlobalSection(ProjectConfigurationPlatforms) = postSolution
		{A9A195E1-BE67-437F-B8BC-41586FB1CD3D}.Debug|x64.ActiveCfg = Debug|x64
		{A9A195E1-BE67-437F-B8BC-41586FB1CD3D}.Debug|x64.Build.0 = Debug|x64
		{A9A195E1-BE67-437F-B8BC-41586FB1CD3D}.Debug|x86.ActiveCfg = Debug|Win32
		{A9A195E1-BE67-437F-B8BC-41586FB1CD3D}.Debug|x86.Build.0 = Debug|Win32
		{A9A195E1-BE67-437F-B8BC-41586FB1CD3D}.Release|x64.ActiveCfg = Release|x64
		{A9A195E1-BE67-437F-B8BC-41586FB1CD3D}.Release|x64.Build.0 = Release|x64
		{A9A195E1-BE67-437F-B8BC-41586FB1CD3D}.Release|x86.ActiveCfg = Release|Win32
		{A9A195E1-BE67-437F-B8BC-41586FB1CD3D}.Release|x86.Build.0 = Release|Win32
		{6E191D33-5DA8-4970-9416-A85183D3CC68}.Debug|x64.ActiveCfg = Debug|x64
		{6E191D33-5DA8-4970-9416-A85183D3CC68}.Debug|x64.Build.0 = Debug|x64
		{6E191D33-5DA8-4970-9416-A85183D3CC68}.Debug|x86.ActiveCfg = Debug|Win32
		{6E191D33-5DA8-4970-9416-A85183D3CC68}.Debug|x86.Build.0 = Debug|Win32
		{6E191D33-5DA8-4970-9416-A85183D3CC68}.Release|x64.ActiveCfg = Release|x64
		{6E191D33-5DA8-4970-9416-A85183D3CC68}.Release|x64.Build.0 = Release|x64
		{6E191D33-5DA8-4970-9416-A85183D3CC68}.Release|x86.ActiveCfg = Release|Win32
		{6E191D33-5DA8-4970-9416-A85183D3CC68}.Release|x86.Build.0 = Release|Win32
		{C4CC5AE5-812F-4AB3-B3A7-34BD83EC2552}.Debug|x64.ActiveCfg = Debug|x64
		{C4CC5AE5-812F-4AB3-B3A7-34BD83EC2552}.Debug|x64.Build.0 = Debug|x64
		{C4CC5AE5-812F-4AB3-B3A7-34BD83EC2552}.Debug|x86.ActiveCfg = Debug|Win32
		{C4CC5AE5-812F-4AB3-B3A7-34BD83EC2552}.Debug|x86.Build.0 = Debug|Win32
		{C4CC5AE5-812F-4AB3-B3A7-34BD83EC2552}.Release|x64.ActiveCfg = Release|x64
		{C4CC5AE5-812F-4AB3-B3A7-34BD83EC2552}.Release|x64.Build.0 = Release|x64
		{C4CC5AE5-812F-4AB3-B3A7-34BD83EC2552}.Release|x86.ActiveCfg = Release|Win32
		{C4CC5AE5-812F-4AB3-B3A7-34BD83EC2552}.Release|x86.Build.0 = Release|Win32
		{E4750030-EA9D-496E-BA4B-27EEC8836773}.Debug|x64.ActiveCfg = Debug|x64
		{E4750030-EA9D-496E-BA4B-27EEC8836773}.Debug|x64.Build.0 = Debug|x64
		{E4750030-EA9D-496E-BA4B-27EEC8836773}.Debug|x86.ActiveCfg = Debug|Win32
		{E4750030-EA9D-496E-BA4B-27EEC8836773}.Debug|x86.Build.0 = Debug|Win32
		{E4750030-EA9D-496E-BA4B-27EEC8836773}.Release|x64.ActiveCfg = Release|x64
		{E4750030-EA9D-496E-BA4B-27EEC8836773}.Release|x64.Build.0 = Release|x64
		{E4750030-EA9D-496E-BA4B-27EEC8836773}.Release|x86.ActiveCfg = Release|Win32
		{E4750030-EA9D-496E-BA4B-27EEC8836773}.Release|x86.Build.0 = Release|Win32
		{F89C6B8B-72ED-4031-88F2-65CC51E9BD90}.Debug|x64.ActiveCfg = Debug|x64
		{F89C6B8B-72ED-4031-88F2-65CC51E9BD90}.Debug|x64.Build.0 = Debug|x64
		{F89C6B8B-72ED-4031-88F2-65CC51E9BD90}.Debug|x86.ActiveCfg = Debug|Win32
		{F89C6B8B-72ED-4031-88F2-65CC51E9BD90}.Debug|x86.Build.0 = Debug|Win32
		{F89C6B8B-72ED-4031-88F2-65CC51E9BD90}.Release|x64.ActiveCfg = Release|x64
		{F89C6B8B-72ED-4031-88F2-65CC51E9BD90}.Release|x64.Build.0 = Release|x64
		{F89C6B8B-72ED-4031-88F2-65CC51E9BD90}.Release|x86.ActiveCfg = Release|Win32
		{F89C6B8B-72ED-4031-88F2-65CC51E9BD90}.Release|x86.Build.0 = Release|Win32
	EndGlobalSection
	GlobalSection(SolutionProperties) = preSolution
		HideSolutionNode = FALSE
	EndGlobalSection
	GlobalSection(NestedProjects) = preSolution
		{6E191D33-5DA8-4970-9416-A85183D3CC68} = {356D9C46-07F5-7F13-4EEF-5DD22B885BE8}
		{C4CC5AE5-812F-4AB3-B3A7-34BD83EC2552} = {356D9C46-07F5-7F13-4EEF-5DD22B885BE8}
		{E4750030-EA9D-496E-BA4B-27EEC8836773} = {356D9C46-07F5-7F13-4EEF-5DD22B885BE8}
		{F89C6B8B-72ED-4031-88F2-65CC51E9BD90} = {356D9C46-07F5-7F13-4EEF-5DD22B885BE8}
	EndGlobalSection
	GlobalSection(ExtensibilityGlobals) = postSolution
		SolutionGuid = {B12B2FC2-5B24-43C9-B137-B7CB9D53BA2B}
	EndGlobalSection
EndGlobal
