<?xml version="1.0" encoding="utf-8"?>
<Project ToolsVersion="4.0" xmlns="http://schemas.microsoft.com/developer/msbuild/2003">
  <ItemGroup>
    <Filter Include="Source Files">
      <UniqueIdentifier>{4FC737F1-C7A5-4376-A066-2A32D752A2FF}</UniqueIdentifier>
      <Extensions>cpp;c;cc;cxx;c++;cppm;ixx;def;odl;idl;hpj;bat;asm;asmx</Extensions>
    </Filter>
    <Filter Include="Header Files">
      <UniqueIdentifier>{93995380-89BD-4b04-88EB-625FBE52EBFB}</UniqueIdentifier>
      <Extensions>h;hh;hpp;hxx;h++;hm;inl;inc;ipp;xsd</Extensions>
    </Filter>
    <Filter Include="Resource Files">
      <UniqueIdentifier>{67DA6AB6-F800-4c08-8B7A-83BB121AAD01}</UniqueIdentifier>
      <Extensions>rc;ico;cur;bmp;dlg;rc2;rct;bin;rgs;gif;jpg;jpeg;jpe;resx;tiff;tif;png;wav;mfcribbon-ms</Extensions>
    </Filter>
  </ItemGroup>
  <ItemGroup>
    <ClCompile Include="Source\BassMusicInterface.cpp">
      <Filter>Source Files</Filter>
    </ClCompile>
    <ClCompile Include="Source\Buffer.cpp">
      <Filter>Source Files</Filter>
    </ClCompile>
    <ClCompile Include="Source\ButtonWidget.cpp">
      <Filter>Source Files</Filter>
    </ClCompile>
    <ClCompile Include="Source\Checkbox.cpp">
      <Filter>Source Files</Filter>
    </ClCompile>
    <ClCompile Include="Source\Color.cpp">
      <Filter>Source Files</Filter>
    </ClCompile>
    <ClCompile Include="Source\Common.cpp">
      <Filter>Source Files</Filter>
    </ClCompile>
    <ClCompile Include="Source\CritSect.cpp">
      <Filter>Source Files</Filter>
    </ClCompile>
    <ClCompile Include="Source\CursorWidget.cpp">
      <Filter>Source Files</Filter>
    </ClCompile>
    <ClCompile Include="Source\D3D8Helper.cpp">
      <Filter>Source Files</Filter>
    </ClCompile>
    <ClCompile Include="Source\D3DInterface.cpp">
      <Filter>Source Files</Filter>
    </ClCompile>
    <ClCompile Include="Source\D3DTester.cpp">
      <Filter>Source Files</Filter>
    </ClCompile>
    <ClCompile Include="Source\DDImage.cpp">
      <Filter>Source Files</Filter>
    </ClCompile>
    <ClCompile Include="Source\DDInterface.cpp">
      <Filter>Source Files</Filter>
    </ClCompile>
    <ClCompile Include="Source\Debug.cpp">
      <Filter>Source Files</Filter>
    </ClCompile>
    <ClCompile Include="Source\DescParser.cpp">
      <Filter>Source Files</Filter>
    </ClCompile>
    <ClCompile Include="Source\Dialog.cpp">
      <Filter>Source Files</Filter>
    </ClCompile>
    <ClCompile Include="Source\DialogButton.cpp">
      <Filter>Source Files</Filter>
    </ClCompile>
    <ClCompile Include="Source\DirectXErrorString.cpp">
      <Filter>Source Files</Filter>
    </ClCompile>
    <ClCompile Include="Source\DSoundInstance.cpp">
      <Filter>Source Files</Filter>
    </ClCompile>
    <ClCompile Include="Source\DSoundManager.cpp">
      <Filter>Source Files</Filter>
    </ClCompile>
    <ClCompile Include="Source\EditWidget.cpp">
      <Filter>Source Files</Filter>
    </ClCompile>
    <ClCompile Include="Source\Flags.cpp">
      <Filter>Source Files</Filter>
    </ClCompile>
    <ClCompile Include="Source\FlashWidget.cpp">
      <Filter>Source Files</Filter>
    </ClCompile>
    <ClCompile Include="Source\FModLoader.cpp">
      <Filter>Source Files</Filter>
    </ClCompile>
    <ClCompile Include="Source\FModMusicInterface.cpp">
      <Filter>Source Files</Filter>
    </ClCompile>
    <ClCompile Include="Source\Font.cpp">
      <Filter>Source Files</Filter>
    </ClCompile>
    <ClCompile Include="Source\Graphics.cpp">
      <Filter>Source Files</Filter>
    </ClCompile>
    <ClCompile Include="Source\HTTPTransfer.cpp">
      <Filter>Source Files</Filter>
    </ClCompile>
    <ClCompile Include="Source\HyperlinkWidget.cpp">
      <Filter>Source Files</Filter>
    </ClCompile>
    <ClCompile Include="Source\Image.cpp">
      <Filter>Source Files</Filter>
    </ClCompile>
    <ClCompile Include="Source\ImageFont.cpp">
      <Filter>Source Files</Filter>
    </ClCompile>
    <ClCompile Include="Source\Insets.cpp">
      <Filter>Source Files</Filter>
    </ClCompile>
    <ClCompile Include="Source\KeyCodes.cpp">
      <Filter>Source Files</Filter>
    </ClCompile>
    <ClCompile Include="Source\ListWidget.cpp">
      <Filter>Source Files</Filter>
    </ClCompile>
    <ClCompile Include="Source\MemoryImage.cpp">
      <Filter>Source Files</Filter>
    </ClCompile>
    <ClCompile Include="Source\ModVal.cpp">
      <Filter>Source Files</Filter>
    </ClCompile>
    <ClCompile Include="Source\MTRand.cpp">
      <Filter>Source Files</Filter>
    </ClCompile>
    <ClCompile Include="Source\MusicInterface.cpp">
      <Filter>Source Files</Filter>
    </ClCompile>
    <ClCompile Include="Source\NativeDisplay.cpp">
      <Filter>Source Files</Filter>
    </ClCompile>
    <ClCompile Include="Source\PerfTimer.cpp">
      <Filter>Source Files</Filter>
    </ClCompile>
    <ClCompile Include="Source\PropertiesParser.cpp">
      <Filter>Source Files</Filter>
    </ClCompile>
    <ClCompile Include="Source\Quantize.cpp">
      <Filter>Source Files</Filter>
    </ClCompile>
    <ClCompile Include="Source\Ratio.cpp">
      <Filter>Source Files</Filter>
    </ClCompile>
    <ClCompile Include="Source\ResourceManager.cpp">
      <Filter>Source Files</Filter>
    </ClCompile>
    <ClCompile Include="Source\ScrollbarWidget.cpp">
      <Filter>Source Files</Filter>
    </ClCompile>
    <ClCompile Include="Source\ScrollbuttonWidget.cpp">
      <Filter>Source Files</Filter>
    </ClCompile>
    <ClCompile Include="Source\SEHCatcher.cpp">
      <Filter>Source Files</Filter>
    </ClCompile>
    <ClCompile Include="Source\SexyApp.cpp">
      <Filter>Source Files</Filter>
    </ClCompile>
    <ClCompile Include="Source\SexyAppBase.cpp">
      <Filter>Source Files</Filter>
    </ClCompile>
    <ClCompile Include="Source\SexyMatrix.cpp">
      <Filter>Source Files</Filter>
    </ClCompile>
    <ClCompile Include="Source\SharedImage.cpp">
      <Filter>Source Files</Filter>
    </ClCompile>
    <ClCompile Include="Source\Slider.cpp">
      <Filter>Source Files</Filter>
    </ClCompile>
    <ClCompile Include="Source\SWTri.cpp">
      <Filter>Source Files</Filter>
    </ClCompile>
    <ClCompile Include="Source\XMLParser.cpp">
      <Filter>Source Files</Filter>
    </ClCompile>
    <ClCompile Include="Source\WidgetManager.cpp">
      <Filter>Source Files</Filter>
    </ClCompile>
    <ClCompile Include="Source\WidgetContainer.cpp">
      <Filter>Source Files</Filter>
    </ClCompile>
    <ClCompile Include="Source\Widget.cpp">
      <Filter>Source Files</Filter>
    </ClCompile>
    <ClCompile Include="Source\SysFont.cpp">
      <Filter>Source Files</Filter>
    </ClCompile>
    <ClCompile Include="Source\ImageLib\ImageLib.cpp">
      <Filter>Source Files</Filter>
    </ClCompile>
    <ClCompile Include="Source\PakLib\PakInterface.cpp">
      <Filter>Source Files</Filter>
    </ClCompile>
  </ItemGroup>
  <ItemGroup>
    <ClInclude Include="Source\d3d8caps.h">
      <Filter>Header Files</Filter>
    </ClInclude>
    <ClInclude Include="Include\SexyAppFramework\ImageLib\ImageLib.h">
      <Filter>Header Files</Filter>
    </ClInclude>
    <ClInclude Include="Include\SexyAppFramework\PakLib\PakInterface.h">
      <Filter>Header Files</Filter>
    </ClInclude>
    <ClInclude Include="Include\SexyAppFramework\AutoCrit.h">
      <Filter>Header Files</Filter>
    </ClInclude>
    <ClInclude Include="Include\SexyAppFramework\BassMusicInterface.h">
      <Filter>Header Files</Filter>
    </ClInclude>
    <ClInclude Include="Include\SexyAppFramework\Buffer.h">
      <Filter>Header Files</Filter>
    </ClInclude>
    <ClInclude Include="Include\SexyAppFramework\ButtonListener.h">
      <Filter>Header Files</Filter>
    </ClInclude>
    <ClInclude Include="Include\SexyAppFramework\ButtonWidget.h">
      <Filter>Header Files</Filter>
    </ClInclude>
    <ClInclude Include="Include\SexyAppFramework\Checkbox.h">
      <Filter>Header Files</Filter>
    </ClInclude>
    <ClInclude Include="Include\SexyAppFramework\CheckboxListener.h">
      <Filter>Header Files</Filter>
    </ClInclude>
    <ClInclude Include="Include\SexyAppFramework\Color.h">
      <Filter>Header Files</Filter>
    </ClInclude>
    <ClInclude Include="Include\SexyAppFramework\Common.h">
      <Filter>Header Files</Filter>
    </ClInclude>
    <ClInclude Include="Include\SexyAppFramework\CritSect.h">
      <Filter>Header Files</Filter>
    </ClInclude>
    <ClInclude Include="Include\SexyAppFramework\CursorWidget.h">
      <Filter>Header Files</Filter>
    </ClInclude>
    <ClInclude Include="Include\SexyAppFramework\D3D8Helper.h">
      <Filter>Header Files</Filter>
    </ClInclude>
    <ClInclude Include="Include\SexyAppFramework\D3DInterface.h">
      <Filter>Header Files</Filter>
    </ClInclude>
    <ClInclude Include="Include\SexyAppFramework\D3DTester.h">
      <Filter>Header Files</Filter>
    </ClInclude>
    <ClInclude Include="Include\SexyAppFramework\DDImage.h">
      <Filter>Header Files</Filter>
    </ClInclude>
    <ClInclude Include="Include\SexyAppFramework\DDInterface.h">
      <Filter>Header Files</Filter>
    </ClInclude>
    <ClInclude Include="Include\SexyAppFramework\Debug.h">
      <Filter>Header Files</Filter>
    </ClInclude>
    <ClInclude Include="Include\SexyAppFramework\DescParser.h">
      <Filter>Header Files</Filter>
    </ClInclude>
    <ClInclude Include="Include\SexyAppFramework\Dialog.h">
      <Filter>Header Files</Filter>
    </ClInclude>
    <ClInclude Include="Include\SexyAppFramework\DialogButton.h">
      <Filter>Header Files</Filter>
    </ClInclude>
    <ClInclude Include="Include\SexyAppFramework\DialogListener.h">
      <Filter>Header Files</Filter>
    </ClInclude>
    <ClInclude Include="Include\SexyAppFramework\DirectXErrorString.h">
      <Filter>Header Files</Filter>
    </ClInclude>
    <ClInclude Include="Include\SexyAppFramework\DSoundInstance.h">
      <Filter>Header Files</Filter>
    </ClInclude>
    <ClInclude Include="Include\SexyAppFramework\DSoundManager.h">
      <Filter>Header Files</Filter>
    </ClInclude>
    <ClInclude Include="Include\SexyAppFramework\dsoundversion.h">
      <Filter>Header Files</Filter>
    </ClInclude>
    <ClInclude Include="Include\SexyAppFramework\EditListener.h">
      <Filter>Header Files</Filter>
    </ClInclude>
    <ClInclude Include="Include\SexyAppFramework\EditWidget.h">
      <Filter>Header Files</Filter>
    </ClInclude>
    <ClInclude Include="Include\SexyAppFramework\Flags.h">
      <Filter>Header Files</Filter>
    </ClInclude>
    <ClInclude Include="Include\SexyAppFramework\FlashWidget.h">
      <Filter>Header Files</Filter>
    </ClInclude>
    <ClInclude Include="Include\SexyAppFramework\fmod.h">
      <Filter>Header Files</Filter>
    </ClInclude>
    <ClInclude Include="Include\SexyAppFramework\FModLoader.h">
      <Filter>Header Files</Filter>
    </ClInclude>
    <ClInclude Include="Include\SexyAppFramework\FModMusicInterface.h">
      <Filter>Header Files</Filter>
    </ClInclude>
    <ClInclude Include="Include\SexyAppFramework\Font.h">
      <Filter>Header Files</Filter>
    </ClInclude>
    <ClInclude Include="Include\SexyAppFramework\Graphics.h">
      <Filter>Header Files</Filter>
    </ClInclude>
    <ClInclude Include="Include\SexyAppFramework\HTTPTransfer.h">
      <Filter>Header Files</Filter>
    </ClInclude>
    <ClInclude Include="Include\SexyAppFramework\HyperlinkWidget.h">
      <Filter>Header Files</Filter>
    </ClInclude>
    <ClInclude Include="Include\SexyAppFramework\Image.h">
      <Filter>Header Files</Filter>
    </ClInclude>
    <ClInclude Include="Include\SexyAppFramework\ImageFont.h">
      <Filter>Header Files</Filter>
    </ClInclude>
    <ClInclude Include="Include\SexyAppFramework\Insets.h">
      <Filter>Header Files</Filter>
    </ClInclude>
    <ClInclude Include="Include\SexyAppFramework\KeyCodes.h">
      <Filter>Header Files</Filter>
    </ClInclude>
    <ClInclude Include="Include\SexyAppFramework\ListListener.h">
      <Filter>Header Files</Filter>
    </ClInclude>
    <ClInclude Include="Include\SexyAppFramework\ListWidget.h">
      <Filter>Header Files</Filter>
    </ClInclude>
    <ClInclude Include="Include\SexyAppFramework\memmgr.h">
      <Filter>Header Files</Filter>
    </ClInclude>
    <ClInclude Include="Include\SexyAppFramework\MemoryImage.h">
      <Filter>Header Files</Filter>
    </ClInclude>
    <ClInclude Include="Include\SexyAppFramework\ModVal.h">
      <Filter>Header Files</Filter>
    </ClInclude>
    <ClInclude Include="Include\SexyAppFramework\MTRand.h">
      <Filter>Header Files</Filter>
    </ClInclude>
    <ClInclude Include="Include\SexyAppFramework\MusicInterface.h">
      <Filter>Header Files</Filter>
    </ClInclude>
    <ClInclude Include="Include\SexyAppFramework\NativeDisplay.h">
      <Filter>Header Files</Filter>
    </ClInclude>
    <ClInclude Include="Include\SexyAppFramework\PerfTimer.h">
      <Filter>Header Files</Filter>
    </ClInclude>
    <ClInclude Include="Include\SexyAppFramework\Point.h">
      <Filter>Header Files</Filter>
    </ClInclude>
    <ClInclude Include="Include\SexyAppFramework\PropertiesParser.h">
      <Filter>Header Files</Filter>
    </ClInclude>
    <ClInclude Include="Include\SexyAppFramework\Quantize.h">
      <Filter>Header Files</Filter>
    </ClInclude>
    <ClInclude Include="Include\SexyAppFramework\Ratio.h">
      <Filter>Header Files</Filter>
    </ClInclude>
    <ClInclude Include="Include\SexyAppFramework\Rect.h">
      <Filter>Header Files</Filter>
    </ClInclude>
    <ClInclude Include="Include\SexyAppFramework\ResourceManager.h">
      <Filter>Header Files</Filter>
    </ClInclude>
    <ClInclude Include="Include\SexyAppFramework\ScrollbarWidget.h">
      <Filter>Header Files</Filter>
    </ClInclude>
    <ClInclude Include="Include\SexyAppFramework\ScrollbuttonWidget.h">
      <Filter>Header Files</Filter>
    </ClInclude>
    <ClInclude Include="Include\SexyAppFramework\ScrollListener.h">
      <Filter>Header Files</Filter>
    </ClInclude>
    <ClInclude Include="Include\SexyAppFramework\SEHCatcher.h">
      <Filter>Header Files</Filter>
    </ClInclude>
    <ClInclude Include="Include\SexyAppFramework\SexyApp.h">
      <Filter>Header Files</Filter>
    </ClInclude>
    <ClInclude Include="Include\SexyAppFramework\SexyAppBase.h">
      <Filter>Header Files</Filter>
    </ClInclude>
    <ClInclude Include="Include\SexyAppFramework\SexyMatrix.h">
      <Filter>Header Files</Filter>
    </ClInclude>
    <ClInclude Include="Include\SexyAppFramework\SexyVector.h">
      <Filter>Header Files</Filter>
    </ClInclude>
    <ClInclude Include="Include\SexyAppFramework\SharedImage.h">
      <Filter>Header Files</Filter>
    </ClInclude>
    <ClInclude Include="Include\SexyAppFramework\Slider.h">
      <Filter>Header Files</Filter>
    </ClInclude>
    <ClInclude Include="Include\SexyAppFramework\SliderListener.h">
      <Filter>Header Files</Filter>
    </ClInclude>
    <ClInclude Include="Include\SexyAppFramework\SoundInstance.h">
      <Filter>Header Files</Filter>
    </ClInclude>
    <ClInclude Include="Include\SexyAppFramework\SoundManager.h">
      <Filter>Header Files</Filter>
    </ClInclude>
    <ClInclude Include="Include\SexyAppFramework\SWTri.h">
      <Filter>Header Files</Filter>
    </ClInclude>
    <ClInclude Include="Include\SexyAppFramework\XMLParser.h">
      <Filter>Header Files</Filter>
    </ClInclude>
    <ClInclude Include="Include\SexyAppFramework\WidgetManager.h">
      <Filter>Header Files</Filter>
    </ClInclude>
    <ClInclude Include="Include\SexyAppFramework\WidgetContainer.h">
      <Filter>Header Files</Filter>
    </ClInclude>
    <ClInclude Include="Include\SexyAppFramework\Widget.h">
      <Filter>Header Files</Filter>
    </ClInclude>
    <ClInclude Include="Include\SexyAppFramework\TriVertex.h">
      <Filter>Header Files</Filter>
    </ClInclude>
    <ClInclude Include="Include\SexyAppFramework\SysFont.h">
      <Filter>Header Files</Filter>
    </ClInclude>
  </ItemGroup>
  <ItemGroup>
    <None Include="Include\SexyAppFramework\SWTri_GetTexel.inc">
      <Filter>Header Files</Filter>
    </None>
    <None Include="Include\SexyAppFramework\SWTri_Loop.inc">
      <Filter>Header Files</Filter>
    </None>
    <None Include="Include\SexyAppFramework\SWTri_Pixel555.inc">
      <Filter>Header Files</Filter>
    </None>
    <None Include="Include\SexyAppFramework\SWTri_Pixel565.inc">
      <Filter>Header Files</Filter>
    </None>
    <None Include="Include\SexyAppFramework\SWTri_Pixel888.inc">
      <Filter>Header Files</Filter>
    </None>
    <None Include="Include\SexyAppFramework\SWTri_Pixel8888.inc">
      <Filter>Header Files</Filter>
    </None>
    <None Include="Include\SexyAppFramework\SWTri_TexelARGB.inc">
      <Filter>Header Files</Filter>
    </None>
    <None Include="Source\BltRotatedHelper.inc">
      <Filter>Header Files</Filter>
    </None>
    <None Include="Source\DDI_Additive.inc">
      <Filter>Header Files</Filter>
    </None>
    <None Include="Source\DDI_AlphaBlt.inc">
      <Filter>Header Files</Filter>
    </None>
    <None Include="Source\DDI_BltRotated.inc">
      <Filter>Header Files</Filter>
    </None>
    <None Include="Source\DDI_BltRotated_Additive.inc">
      <Filter>Header Files</Filter>
    </None>
    <None Include="Source\DDI_FastBlt_NoAlpha.inc">
      <Filter>Header Files</Filter>
    </None>
    <None Include="Source\DDI_FastStretch.inc">
      <Filter>Header Files</Filter>
    </None>
    <None Include="Source\DDI_FastStretch_Additive.inc">
      <Filter>Header Files</Filter>
    </None>
    <None Include="Source\DDI_NormalBlt_Volatile.inc">
      <Filter>Header Files</Filter>
    </None>
    <None Include="Source\GENERIC_DrawLineAA.inc">
      <Filter>Header Files</Filter>
    </None>
    <None Include="Source\MI_AdditiveBlt.inc">
      <Filter>Header Files</Filter>
    </None>
    <None Include="Source\MI_BltRotated.inc">
      <Filter>Header Files</Filter>
    </None>
    <None Include="Source\MI_BltRotated_Additive.inc">
      <Filter>Header Files</Filter>
    </None>
    <None Include="Source\MI_GetRLAlphaData.inc">
      <Filter>Header Files</Filter>
    </None>
    <None Include="Source\MI_NormalBlt.inc">
      <Filter>Header Files</Filter>
    </None>
    <None Include="Source\MI_SlowStretchBlt.inc">
      <Filter>Header Files</Filter>
    </None>
    <None Include="Source\SWTri_DrawTriangle.inc">
      <Filter>Header Files</Filter>
    </None>
    <None Include="Source\SWTri_DrawTriangleInc1.inc">
      <Filter>Header Files</Filter>
    </None>
    <None Include="Source\SWTri_DrawTriangleInc2.inc">
      <Filter>Header Files</Filter>
    </None>
  </ItemGroup>
</Project>